
Microsoft Visual Studio Solution File, Format Version 12.00
# Visual Studio Version 17
VisualStudioVersion = 17.14.36202.13
MinimumVisualStudioVersion = 10.0.40219.1
Project("{FAE04EC0-301F-11D3-BF4B-00C04F79EFBC}") = "01File", "01File\01File.csproj", "{FB8DFBBE-B51D-4E8C-B3E7-85F46CD52A13}"
EndProject
Project("{FAE04EC0-301F-11D3-BF4B-00C04F79EFBC}") = "02FileInfo", "02FileInfo\02FileInfo.csproj", "{60C7C151-8B2B-4ADC-96F7-D456A7483351}"
EndProject
Project("{FAE04EC0-301F-11D3-BF4B-00C04F79EFBC}") = "03Directory", "03Directory\03Directory.csproj", "{283E1AE9-4A13-4F95-8DAD-18A763C2B6C6}"
EndProject
Project("{FAE04EC0-301F-11D3-BF4B-00C04F79EFBC}") = "04DirectoryInfo", "04DirectoryInfo\04DirectoryInfo.csproj", "{1A979097-3A26-4228-AEDC-3840D7F09D30}"
EndProject
Project("{FAE04EC0-301F-11D3-BF4B-00C04F79EFBC}") = "05Path", "05Path\05Path.csproj", "{CF2E88AD-E4F4-43A8-9C7C-74F048F885CE}"
EndProject
Project("{FAE04EC0-301F-11D3-BF4B-00C04F79EFBC}") = "06FileStream1", "06FileStream1\06FileStream1.csproj", "{4D75AAE9-61BB-4D0A-AB4A-C082F2300CF7}"
EndProject
Project("{FAE04EC0-301F-11D3-BF4B-00C04F79EFBC}") = "07FileStreamUsingBlock", "07FileStreamUsingBlock\07FileStreamUsingBlock.csproj", "{99475C65-EABE-4BA6-9737-3263C9CF09F3}"
EndProject
Project("{FAE04EC0-301F-11D3-BF4B-00C04F79EFBC}") = "08StreamExercise", "08StreamExercise\08StreamExercise.csproj", "{CFD1C0EE-21F8-49AB-B43A-0FBD741DA68D}"
EndProject
Project("{2150E333-8FDC-42A3-9474-1A3956D46DE8}") = "Exercises", "Exercises", "{02EA681E-C7D8-13C7-8484-4AC65E1B71E8}"
EndProject
Project("{FAE04EC0-301F-11D3-BF4B-00C04F79EFBC}") = "01Exercicio", "01Exercicio\01Exercicio.csproj", "{1E1BFC54-C88D-4301-A83B-8138D1470FFE}"
EndProject
Project("{FAE04EC0-301F-11D3-BF4B-00C04F79EFBC}") = "02Exercicio", "02Exercicio\02Exercicio.csproj", "{F7A494EB-4D5F-4699-88DF-A441A7202136}"
EndProject
Project("{FAE04EC0-301F-11D3-BF4B-00C04F79EFBC}") = "03Exercicio", "03Exercicio\03Exercicio.csproj", "{F555C888-DEB1-4FAF-A175-071E1FA408AA}"
EndProject
Project("{FAE04EC0-301F-11D3-BF4B-00C04F79EFBC}") = "04Exercicio", "04Exercicio\04Exercicio.csproj", "{12289E14-8272-4837-B90A-2A4D4FAB1EEC}"
EndProject
Project("{FAE04EC0-301F-11D3-BF4B-00C04F79EFBC}") = "05Exercicio", "05Exercicio\05Exercicio.csproj", "{7929DDF1-1A44-43D0-81D9-485B757AB438}"
EndProject
Project("{FAE04EC0-301F-11D3-BF4B-00C04F79EFBC}") = "06Exercicio", "06Exercicio\06Exercicio.csproj", "{84A93797-C79F-462A-B4A4-D937B0997B97}"
EndProject
Project("{FAE04EC0-301F-11D3-BF4B-00C04F79EFBC}") = "07Exercicio", "07Exercicio\07Exercicio.csproj", "{E6014E6F-B231-45E9-BB7D-88A4F983CB12}"
EndProject
Project("{FAE04EC0-301F-11D3-BF4B-00C04F79EFBC}") = "08Exercicio", "08Exercicio\08Exercicio.csproj", "{5C44EFFB-3860-4D6E-A962-0D7D37BA71E2}"
EndProject
Project("{FAE04EC0-301F-11D3-BF4B-00C04F79EFBC}") = "09Exercicio", "09Exercicio\09Exercicio.csproj", "{74345196-2272-4EB9-9E0E-246AC4287530}"
EndProject
Project("{FAE04EC0-301F-11D3-BF4B-00C04F79EFBC}") = "10Exercicio", "10Exercicio\10Exercicio.csproj", "{AE569E3F-E6ED-4ED6-A29F-E83B18B5819F}"
EndProject
Project("{FAE04EC0-301F-11D3-BF4B-00C04F79EFBC}") = "11Exercicio", "11Exercicio\11Exercicio.csproj", "{2A04D4C2-EBDC-4A50-AC60-E671149E18B4}"
EndProject
Project("{FAE04EC0-301F-11D3-BF4B-00C04F79EFBC}") = "12Exercicio", "12Exercicio\12Exercicio.csproj", "{7DF19841-18CF-437F-A15B-D9067986BF0A}"
EndProject
Project("{FAE04EC0-301F-11D3-BF4B-00C04F79EFBC}") = "13Exercicio", "13Exercicio\13Exercicio.csproj", "{BDFAE953-2AE2-418E-AABE-58F014F738BD}"
EndProject
Project("{FAE04EC0-301F-11D3-BF4B-00C04F79EFBC}") = "14Exercicio", "14Exercicio\14Exercicio.csproj", "{8B5F4EDA-22B7-44B2-BC77-146C2247CDC2}"
EndProject
Project("{FAE04EC0-301F-11D3-BF4B-00C04F79EFBC}") = "15Exercicio", "15Exercicio\15Exercicio.csproj", "{ED4E8E15-7DC3-46D2-B336-675B70963560}"
EndProject
Global
	GlobalSection(SolutionConfigurationPlatforms) = preSolution
		Debug|Any CPU = Debug|Any CPU
		Debug|x64 = Debug|x64
		Debug|x86 = Debug|x86
		Release|Any CPU = Release|Any CPU
		Release|x64 = Release|x64
		Release|x86 = Release|x86
	EndGlobalSection
	GlobalSection(ProjectConfigurationPlatforms) = postSolution
		{FB8DFBBE-B51D-4E8C-B3E7-85F46CD52A13}.Debug|Any CPU.ActiveCfg = Debug|Any CPU
		{FB8DFBBE-B51D-4E8C-B3E7-85F46CD52A13}.Debug|Any CPU.Build.0 = Debug|Any CPU
		{FB8DFBBE-B51D-4E8C-B3E7-85F46CD52A13}.Debug|x64.ActiveCfg = Debug|Any CPU
		{FB8DFBBE-B51D-4E8C-B3E7-85F46CD52A13}.Debug|x64.Build.0 = Debug|Any CPU
		{FB8DFBBE-B51D-4E8C-B3E7-85F46CD52A13}.Debug|x86.ActiveCfg = Debug|Any CPU
		{FB8DFBBE-B51D-4E8C-B3E7-85F46CD52A13}.Debug|x86.Build.0 = Debug|Any CPU
		{FB8DFBBE-B51D-4E8C-B3E7-85F46CD52A13}.Release|Any CPU.ActiveCfg = Release|Any CPU
		{FB8DFBBE-B51D-4E8C-B3E7-85F46CD52A13}.Release|Any CPU.Build.0 = Release|Any CPU
		{FB8DFBBE-B51D-4E8C-B3E7-85F46CD52A13}.Release|x64.ActiveCfg = Release|Any CPU
		{FB8DFBBE-B51D-4E8C-B3E7-85F46CD52A13}.Release|x64.Build.0 = Release|Any CPU
		{FB8DFBBE-B51D-4E8C-B3E7-85F46CD52A13}.Release|x86.ActiveCfg = Release|Any CPU
		{FB8DFBBE-B51D-4E8C-B3E7-85F46CD52A13}.Release|x86.Build.0 = Release|Any CPU
		{60C7C151-8B2B-4ADC-96F7-D456A7483351}.Debug|Any CPU.ActiveCfg = Debug|Any CPU
		{60C7C151-8B2B-4ADC-96F7-D456A7483351}.Debug|Any CPU.Build.0 = Debug|Any CPU
		{60C7C151-8B2B-4ADC-96F7-D456A7483351}.Debug|x64.ActiveCfg = Debug|Any CPU
		{60C7C151-8B2B-4ADC-96F7-D456A7483351}.Debug|x64.Build.0 = Debug|Any CPU
		{60C7C151-8B2B-4ADC-96F7-D456A7483351}.Debug|x86.ActiveCfg = Debug|Any CPU
		{60C7C151-8B2B-4ADC-96F7-D456A7483351}.Debug|x86.Build.0 = Debug|Any CPU
		{60C7C151-8B2B-4ADC-96F7-D456A7483351}.Release|Any CPU.ActiveCfg = Release|Any CPU
		{60C7C151-8B2B-4ADC-96F7-D456A7483351}.Release|Any CPU.Build.0 = Release|Any CPU
		{60C7C151-8B2B-4ADC-96F7-D456A7483351}.Release|x64.ActiveCfg = Release|Any CPU
		{60C7C151-8B2B-4ADC-96F7-D456A7483351}.Release|x64.Build.0 = Release|Any CPU
		{60C7C151-8B2B-4ADC-96F7-D456A7483351}.Release|x86.ActiveCfg = Release|Any CPU
		{60C7C151-8B2B-4ADC-96F7-D456A7483351}.Release|x86.Build.0 = Release|Any CPU
		{283E1AE9-4A13-4F95-8DAD-18A763C2B6C6}.Debug|Any CPU.ActiveCfg = Debug|Any CPU
		{283E1AE9-4A13-4F95-8DAD-18A763C2B6C6}.Debug|Any CPU.Build.0 = Debug|Any CPU
		{283E1AE9-4A13-4F95-8DAD-18A763C2B6C6}.Debug|x64.ActiveCfg = Debug|Any CPU
		{283E1AE9-4A13-4F95-8DAD-18A763C2B6C6}.Debug|x64.Build.0 = Debug|Any CPU
		{283E1AE9-4A13-4F95-8DAD-18A763C2B6C6}.Debug|x86.ActiveCfg = Debug|Any CPU
		{283E1AE9-4A13-4F95-8DAD-18A763C2B6C6}.Debug|x86.Build.0 = Debug|Any CPU
		{283E1AE9-4A13-4F95-8DAD-18A763C2B6C6}.Release|Any CPU.ActiveCfg = Release|Any CPU
		{283E1AE9-4A13-4F95-8DAD-18A763C2B6C6}.Release|Any CPU.Build.0 = Release|Any CPU
		{283E1AE9-4A13-4F95-8DAD-18A763C2B6C6}.Release|x64.ActiveCfg = Release|Any CPU
		{283E1AE9-4A13-4F95-8DAD-18A763C2B6C6}.Release|x64.Build.0 = Release|Any CPU
		{283E1AE9-4A13-4F95-8DAD-18A763C2B6C6}.Release|x86.ActiveCfg = Release|Any CPU
		{283E1AE9-4A13-4F95-8DAD-18A763C2B6C6}.Release|x86.Build.0 = Release|Any CPU
		{1A979097-3A26-4228-AEDC-3840D7F09D30}.Debug|Any CPU.ActiveCfg = Debug|Any CPU
		{1A979097-3A26-4228-AEDC-3840D7F09D30}.Debug|Any CPU.Build.0 = Debug|Any CPU
		{1A979097-3A26-4228-AEDC-3840D7F09D30}.Debug|x64.ActiveCfg = Debug|Any CPU
		{1A979097-3A26-4228-AEDC-3840D7F09D30}.Debug|x64.Build.0 = Debug|Any CPU
		{1A979097-3A26-4228-AEDC-3840D7F09D30}.Debug|x86.ActiveCfg = Debug|Any CPU
		{1A979097-3A26-4228-AEDC-3840D7F09D30}.Debug|x86.Build.0 = Debug|Any CPU
		{1A979097-3A26-4228-AEDC-3840D7F09D30}.Release|Any CPU.ActiveCfg = Release|Any CPU
		{1A979097-3A26-4228-AEDC-3840D7F09D30}.Release|Any CPU.Build.0 = Release|Any CPU
		{1A979097-3A26-4228-AEDC-3840D7F09D30}.Release|x64.ActiveCfg = Release|Any CPU
		{1A979097-3A26-4228-AEDC-3840D7F09D30}.Release|x64.Build.0 = Release|Any CPU
		{1A979097-3A26-4228-AEDC-3840D7F09D30}.Release|x86.ActiveCfg = Release|Any CPU
		{1A979097-3A26-4228-AEDC-3840D7F09D30}.Release|x86.Build.0 = Release|Any CPU
		{CF2E88AD-E4F4-43A8-9C7C-74F048F885CE}.Debug|Any CPU.ActiveCfg = Debug|Any CPU
		{CF2E88AD-E4F4-43A8-9C7C-74F048F885CE}.Debug|Any CPU.Build.0 = Debug|Any CPU
		{CF2E88AD-E4F4-43A8-9C7C-74F048F885CE}.Debug|x64.ActiveCfg = Debug|Any CPU
		{CF2E88AD-E4F4-43A8-9C7C-74F048F885CE}.Debug|x64.Build.0 = Debug|Any CPU
		{CF2E88AD-E4F4-43A8-9C7C-74F048F885CE}.Debug|x86.ActiveCfg = Debug|Any CPU
		{CF2E88AD-E4F4-43A8-9C7C-74F048F885CE}.Debug|x86.Build.0 = Debug|Any CPU
		{CF2E88AD-E4F4-43A8-9C7C-74F048F885CE}.Release|Any CPU.ActiveCfg = Release|Any CPU
		{CF2E88AD-E4F4-43A8-9C7C-74F048F885CE}.Release|Any CPU.Build.0 = Release|Any CPU
		{CF2E88AD-E4F4-43A8-9C7C-74F048F885CE}.Release|x64.ActiveCfg = Release|Any CPU
		{CF2E88AD-E4F4-43A8-9C7C-74F048F885CE}.Release|x64.Build.0 = Release|Any CPU
		{CF2E88AD-E4F4-43A8-9C7C-74F048F885CE}.Release|x86.ActiveCfg = Release|Any CPU
		{CF2E88AD-E4F4-43A8-9C7C-74F048F885CE}.Release|x86.Build.0 = Release|Any CPU
		{4D75AAE9-61BB-4D0A-AB4A-C082F2300CF7}.Debug|Any CPU.ActiveCfg = Debug|Any CPU
		{4D75AAE9-61BB-4D0A-AB4A-C082F2300CF7}.Debug|Any CPU.Build.0 = Debug|Any CPU
		{4D75AAE9-61BB-4D0A-AB4A-C082F2300CF7}.Debug|x64.ActiveCfg = Debug|Any CPU
		{4D75AAE9-61BB-4D0A-AB4A-C082F2300CF7}.Debug|x64.Build.0 = Debug|Any CPU
		{4D75AAE9-61BB-4D0A-AB4A-C082F2300CF7}.Debug|x86.ActiveCfg = Debug|Any CPU
		{4D75AAE9-61BB-4D0A-AB4A-C082F2300CF7}.Debug|x86.Build.0 = Debug|Any CPU
		{4D75AAE9-61BB-4D0A-AB4A-C082F2300CF7}.Release|Any CPU.ActiveCfg = Release|Any CPU
		{4D75AAE9-61BB-4D0A-AB4A-C082F2300CF7}.Release|Any CPU.Build.0 = Release|Any CPU
		{4D75AAE9-61BB-4D0A-AB4A-C082F2300CF7}.Release|x64.ActiveCfg = Release|Any CPU
		{4D75AAE9-61BB-4D0A-AB4A-C082F2300CF7}.Release|x64.Build.0 = Release|Any CPU
		{4D75AAE9-61BB-4D0A-AB4A-C082F2300CF7}.Release|x86.ActiveCfg = Release|Any CPU
		{4D75AAE9-61BB-4D0A-AB4A-C082F2300CF7}.Release|x86.Build.0 = Release|Any CPU
		{99475C65-EABE-4BA6-9737-3263C9CF09F3}.Debug|Any CPU.ActiveCfg = Debug|Any CPU
		{99475C65-EABE-4BA6-9737-3263C9CF09F3}.Debug|Any CPU.Build.0 = Debug|Any CPU
		{99475C65-EABE-4BA6-9737-3263C9CF09F3}.Debug|x64.ActiveCfg = Debug|Any CPU
		{99475C65-EABE-4BA6-9737-3263C9CF09F3}.Debug|x64.Build.0 = Debug|Any CPU
		{99475C65-EABE-4BA6-9737-3263C9CF09F3}.Debug|x86.ActiveCfg = Debug|Any CPU
		{99475C65-EABE-4BA6-9737-3263C9CF09F3}.Debug|x86.Build.0 = Debug|Any CPU
		{99475C65-EABE-4BA6-9737-3263C9CF09F3}.Release|Any CPU.ActiveCfg = Release|Any CPU
		{99475C65-EABE-4BA6-9737-3263C9CF09F3}.Release|Any CPU.Build.0 = Release|Any CPU
		{99475C65-EABE-4BA6-9737-3263C9CF09F3}.Release|x64.ActiveCfg = Release|Any CPU
		{99475C65-EABE-4BA6-9737-3263C9CF09F3}.Release|x64.Build.0 = Release|Any CPU
		{99475C65-EABE-4BA6-9737-3263C9CF09F3}.Release|x86.ActiveCfg = Release|Any CPU
		{99475C65-EABE-4BA6-9737-3263C9CF09F3}.Release|x86.Build.0 = Release|Any CPU
		{CFD1C0EE-21F8-49AB-B43A-0FBD741DA68D}.Debug|Any CPU.ActiveCfg = Debug|Any CPU
		{CFD1C0EE-21F8-49AB-B43A-0FBD741DA68D}.Debug|Any CPU.Build.0 = Debug|Any CPU
		{CFD1C0EE-21F8-49AB-B43A-0FBD741DA68D}.Debug|x64.ActiveCfg = Debug|Any CPU
		{CFD1C0EE-21F8-49AB-B43A-0FBD741DA68D}.Debug|x64.Build.0 = Debug|Any CPU
		{CFD1C0EE-21F8-49AB-B43A-0FBD741DA68D}.Debug|x86.ActiveCfg = Debug|Any CPU
		{CFD1C0EE-21F8-49AB-B43A-0FBD741DA68D}.Debug|x86.Build.0 = Debug|Any CPU
		{CFD1C0EE-21F8-49AB-B43A-0FBD741DA68D}.Release|Any CPU.ActiveCfg = Release|Any CPU
		{CFD1C0EE-21F8-49AB-B43A-0FBD741DA68D}.Release|Any CPU.Build.0 = Release|Any CPU
		{CFD1C0EE-21F8-49AB-B43A-0FBD741DA68D}.Release|x64.ActiveCfg = Release|Any CPU
		{CFD1C0EE-21F8-49AB-B43A-0FBD741DA68D}.Release|x64.Build.0 = Release|Any CPU
		{CFD1C0EE-21F8-49AB-B43A-0FBD741DA68D}.Release|x86.ActiveCfg = Release|Any CPU
		{CFD1C0EE-21F8-49AB-B43A-0FBD741DA68D}.Release|x86.Build.0 = Release|Any CPU
		{1E1BFC54-C88D-4301-A83B-8138D1470FFE}.Debug|Any CPU.ActiveCfg = Debug|Any CPU
		{1E1BFC54-C88D-4301-A83B-8138D1470FFE}.Debug|Any CPU.Build.0 = Debug|Any CPU
		{1E1BFC54-C88D-4301-A83B-8138D1470FFE}.Debug|x64.ActiveCfg = Debug|Any CPU
		{1E1BFC54-C88D-4301-A83B-8138D1470FFE}.Debug|x64.Build.0 = Debug|Any CPU
		{1E1BFC54-C88D-4301-A83B-8138D1470FFE}.Debug|x86.ActiveCfg = Debug|Any CPU
		{1E1BFC54-C88D-4301-A83B-8138D1470FFE}.Debug|x86.Build.0 = Debug|Any CPU
		{1E1BFC54-C88D-4301-A83B-8138D1470FFE}.Release|Any CPU.ActiveCfg = Release|Any CPU
		{1E1BFC54-C88D-4301-A83B-8138D1470FFE}.Release|Any CPU.Build.0 = Release|Any CPU
		{1E1BFC54-C88D-4301-A83B-8138D1470FFE}.Release|x64.ActiveCfg = Release|Any CPU
		{1E1BFC54-C88D-4301-A83B-8138D1470FFE}.Release|x64.Build.0 = Release|Any CPU
		{1E1BFC54-C88D-4301-A83B-8138D1470FFE}.Release|x86.ActiveCfg = Release|Any CPU
		{1E1BFC54-C88D-4301-A83B-8138D1470FFE}.Release|x86.Build.0 = Release|Any CPU
		{F7A494EB-4D5F-4699-88DF-A441A7202136}.Debug|Any CPU.ActiveCfg = Debug|Any CPU
		{F7A494EB-4D5F-4699-88DF-A441A7202136}.Debug|Any CPU.Build.0 = Debug|Any CPU
		{F7A494EB-4D5F-4699-88DF-A441A7202136}.Debug|x64.ActiveCfg = Debug|Any CPU
		{F7A494EB-4D5F-4699-88DF-A441A7202136}.Debug|x64.Build.0 = Debug|Any CPU
		{F7A494EB-4D5F-4699-88DF-A441A7202136}.Debug|x86.ActiveCfg = Debug|Any CPU
		{F7A494EB-4D5F-4699-88DF-A441A7202136}.Debug|x86.Build.0 = Debug|Any CPU
		{F7A494EB-4D5F-4699-88DF-A441A7202136}.Release|Any CPU.ActiveCfg = Release|Any CPU
		{F7A494EB-4D5F-4699-88DF-A441A7202136}.Release|Any CPU.Build.0 = Release|Any CPU
		{F7A494EB-4D5F-4699-88DF-A441A7202136}.Release|x64.ActiveCfg = Release|Any CPU
		{F7A494EB-4D5F-4699-88DF-A441A7202136}.Release|x64.Build.0 = Release|Any CPU
		{F7A494EB-4D5F-4699-88DF-A441A7202136}.Release|x86.ActiveCfg = Release|Any CPU
		{F7A494EB-4D5F-4699-88DF-A441A7202136}.Release|x86.Build.0 = Release|Any CPU
		{F555C888-DEB1-4FAF-A175-071E1FA408AA}.Debug|Any CPU.ActiveCfg = Debug|Any CPU
		{F555C888-DEB1-4FAF-A175-071E1FA408AA}.Debug|Any CPU.Build.0 = Debug|Any CPU
		{F555C888-DEB1-4FAF-A175-071E1FA408AA}.Debug|x64.ActiveCfg = Debug|Any CPU
		{F555C888-DEB1-4FAF-A175-071E1FA408AA}.Debug|x64.Build.0 = Debug|Any CPU
		{F555C888-DEB1-4FAF-A175-071E1FA408AA}.Debug|x86.ActiveCfg = Debug|Any CPU
		{F555C888-DEB1-4FAF-A175-071E1FA408AA}.Debug|x86.Build.0 = Debug|Any CPU
		{F555C888-DEB1-4FAF-A175-071E1FA408AA}.Release|Any CPU.ActiveCfg = Release|Any CPU
		{F555C888-DEB1-4FAF-A175-071E1FA408AA}.Release|Any CPU.Build.0 = Release|Any CPU
		{F555C888-DEB1-4FAF-A175-071E1FA408AA}.Release|x64.ActiveCfg = Release|Any CPU
		{F555C888-DEB1-4FAF-A175-071E1FA408AA}.Release|x64.Build.0 = Release|Any CPU
		{F555C888-DEB1-4FAF-A175-071E1FA408AA}.Release|x86.ActiveCfg = Release|Any CPU
		{F555C888-DEB1-4FAF-A175-071E1FA408AA}.Release|x86.Build.0 = Release|Any CPU
		{12289E14-8272-4837-B90A-2A4D4FAB1EEC}.Debug|Any CPU.ActiveCfg = Debug|Any CPU
		{12289E14-8272-4837-B90A-2A4D4FAB1EEC}.Debug|Any CPU.Build.0 = Debug|Any CPU
		{12289E14-8272-4837-B90A-2A4D4FAB1EEC}.Debug|x64.ActiveCfg = Debug|Any CPU
		{12289E14-8272-4837-B90A-2A4D4FAB1EEC}.Debug|x64.Build.0 = Debug|Any CPU
		{12289E14-8272-4837-B90A-2A4D4FAB1EEC}.Debug|x86.ActiveCfg = Debug|Any CPU
		{12289E14-8272-4837-B90A-2A4D4FAB1EEC}.Debug|x86.Build.0 = Debug|Any CPU
		{12289E14-8272-4837-B90A-2A4D4FAB1EEC}.Release|Any CPU.ActiveCfg = Release|Any CPU
		{12289E14-8272-4837-B90A-2A4D4FAB1EEC}.Release|Any CPU.Build.0 = Release|Any CPU
		{12289E14-8272-4837-B90A-2A4D4FAB1EEC}.Release|x64.ActiveCfg = Release|Any CPU
		{12289E14-8272-4837-B90A-2A4D4FAB1EEC}.Release|x64.Build.0 = Release|Any CPU
		{12289E14-8272-4837-B90A-2A4D4FAB1EEC}.Release|x86.ActiveCfg = Release|Any CPU
		{12289E14-8272-4837-B90A-2A4D4FAB1EEC}.Release|x86.Build.0 = Release|Any CPU
		{7929DDF1-1A44-43D0-81D9-485B757AB438}.Debug|Any CPU.ActiveCfg = Debug|Any CPU
		{7929DDF1-1A44-43D0-81D9-485B757AB438}.Debug|Any CPU.Build.0 = Debug|Any CPU
		{7929DDF1-1A44-43D0-81D9-485B757AB438}.Debug|x64.ActiveCfg = Debug|Any CPU
		{7929DDF1-1A44-43D0-81D9-485B757AB438}.Debug|x64.Build.0 = Debug|Any CPU
		{7929DDF1-1A44-43D0-81D9-485B757AB438}.Debug|x86.ActiveCfg = Debug|Any CPU
		{7929DDF1-1A44-43D0-81D9-485B757AB438}.Debug|x86.Build.0 = Debug|Any CPU
		{7929DDF1-1A44-43D0-81D9-485B757AB438}.Release|Any CPU.ActiveCfg = Release|Any CPU
		{7929DDF1-1A44-43D0-81D9-485B757AB438}.Release|Any CPU.Build.0 = Release|Any CPU
		{7929DDF1-1A44-43D0-81D9-485B757AB438}.Release|x64.ActiveCfg = Release|Any CPU
		{7929DDF1-1A44-43D0-81D9-485B757AB438}.Release|x64.Build.0 = Release|Any CPU
		{7929DDF1-1A44-43D0-81D9-485B757AB438}.Release|x86.ActiveCfg = Release|Any CPU
		{7929DDF1-1A44-43D0-81D9-485B757AB438}.Release|x86.Build.0 = Release|Any CPU
		{84A93797-C79F-462A-B4A4-D937B0997B97}.Debug|Any CPU.ActiveCfg = Debug|Any CPU
		{84A93797-C79F-462A-B4A4-D937B0997B97}.Debug|Any CPU.Build.0 = Debug|Any CPU
		{84A93797-C79F-462A-B4A4-D937B0997B97}.Debug|x64.ActiveCfg = Debug|Any CPU
		{84A93797-C79F-462A-B4A4-D937B0997B97}.Debug|x64.Build.0 = Debug|Any CPU
		{84A93797-C79F-462A-B4A4-D937B0997B97}.Debug|x86.ActiveCfg = Debug|Any CPU
		{84A93797-C79F-462A-B4A4-D937B0997B97}.Debug|x86.Build.0 = Debug|Any CPU
		{84A93797-C79F-462A-B4A4-D937B0997B97}.Release|Any CPU.ActiveCfg = Release|Any CPU
		{84A93797-C79F-462A-B4A4-D937B0997B97}.Release|Any CPU.Build.0 = Release|Any CPU
		{84A93797-C79F-462A-B4A4-D937B0997B97}.Release|x64.ActiveCfg = Release|Any CPU
		{84A93797-C79F-462A-B4A4-D937B0997B97}.Release|x64.Build.0 = Release|Any CPU
		{84A93797-C79F-462A-B4A4-D937B0997B97}.Release|x86.ActiveCfg = Release|Any CPU
		{84A93797-C79F-462A-B4A4-D937B0997B97}.Release|x86.Build.0 = Release|Any CPU
		{E6014E6F-B231-45E9-BB7D-88A4F983CB12}.Debug|Any CPU.ActiveCfg = Debug|Any CPU
		{E6014E6F-B231-45E9-BB7D-88A4F983CB12}.Debug|Any CPU.Build.0 = Debug|Any CPU
		{E6014E6F-B231-45E9-BB7D-88A4F983CB12}.Debug|x64.ActiveCfg = Debug|Any CPU
		{E6014E6F-B231-45E9-BB7D-88A4F983CB12}.Debug|x64.Build.0 = Debug|Any CPU
		{E6014E6F-B231-45E9-BB7D-88A4F983CB12}.Debug|x86.ActiveCfg = Debug|Any CPU
		{E6014E6F-B231-45E9-BB7D-88A4F983CB12}.Debug|x86.Build.0 = Debug|Any CPU
		{E6014E6F-B231-45E9-BB7D-88A4F983CB12}.Release|Any CPU.ActiveCfg = Release|Any CPU
		{E6014E6F-B231-45E9-BB7D-88A4F983CB12}.Release|Any CPU.Build.0 = Release|Any CPU
		{E6014E6F-B231-45E9-BB7D-88A4F983CB12}.Release|x64.ActiveCfg = Release|Any CPU
		{E6014E6F-B231-45E9-BB7D-88A4F983CB12}.Release|x64.Build.0 = Release|Any CPU
		{E6014E6F-B231-45E9-BB7D-88A4F983CB12}.Release|x86.ActiveCfg = Release|Any CPU
		{E6014E6F-B231-45E9-BB7D-88A4F983CB12}.Release|x86.Build.0 = Release|Any CPU
		{5C44EFFB-3860-4D6E-A962-0D7D37BA71E2}.Debug|Any CPU.ActiveCfg = Debug|Any CPU
		{5C44EFFB-3860-4D6E-A962-0D7D37BA71E2}.Debug|Any CPU.Build.0 = Debug|Any CPU
		{5C44EFFB-3860-4D6E-A962-0D7D37BA71E2}.Debug|x64.ActiveCfg = Debug|Any CPU
		{5C44EFFB-3860-4D6E-A962-0D7D37BA71E2}.Debug|x64.Build.0 = Debug|Any CPU
		{5C44EFFB-3860-4D6E-A962-0D7D37BA71E2}.Debug|x86.ActiveCfg = Debug|Any CPU
		{5C44EFFB-3860-4D6E-A962-0D7D37BA71E2}.Debug|x86.Build.0 = Debug|Any CPU
		{5C44EFFB-3860-4D6E-A962-0D7D37BA71E2}.Release|Any CPU.ActiveCfg = Release|Any CPU
		{5C44EFFB-3860-4D6E-A962-0D7D37BA71E2}.Release|Any CPU.Build.0 = Release|Any CPU
		{5C44EFFB-3860-4D6E-A962-0D7D37BA71E2}.Release|x64.ActiveCfg = Release|Any CPU
		{5C44EFFB-3860-4D6E-A962-0D7D37BA71E2}.Release|x64.Build.0 = Release|Any CPU
		{5C44EFFB-3860-4D6E-A962-0D7D37BA71E2}.Release|x86.ActiveCfg = Release|Any CPU
		{5C44EFFB-3860-4D6E-A962-0D7D37BA71E2}.Release|x86.Build.0 = Release|Any CPU
		{74345196-2272-4EB9-9E0E-246AC4287530}.Debug|Any CPU.ActiveCfg = Debug|Any CPU
		{74345196-2272-4EB9-9E0E-246AC4287530}.Debug|Any CPU.Build.0 = Debug|Any CPU
		{74345196-2272-4EB9-9E0E-246AC4287530}.Debug|x64.ActiveCfg = Debug|Any CPU
		{74345196-2272-4EB9-9E0E-246AC4287530}.Debug|x64.Build.0 = Debug|Any CPU
		{74345196-2272-4EB9-9E0E-246AC4287530}.Debug|x86.ActiveCfg = Debug|Any CPU
		{74345196-2272-4EB9-9E0E-246AC4287530}.Debug|x86.Build.0 = Debug|Any CPU
		{74345196-2272-4EB9-9E0E-246AC4287530}.Release|Any CPU.ActiveCfg = Release|Any CPU
		{74345196-2272-4EB9-9E0E-246AC4287530}.Release|Any CPU.Build.0 = Release|Any CPU
		{74345196-2272-4EB9-9E0E-246AC4287530}.Release|x64.ActiveCfg = Release|Any CPU
		{74345196-2272-4EB9-9E0E-246AC4287530}.Release|x64.Build.0 = Release|Any CPU
		{74345196-2272-4EB9-9E0E-246AC4287530}.Release|x86.ActiveCfg = Release|Any CPU
		{74345196-2272-4EB9-9E0E-246AC4287530}.Release|x86.Build.0 = Release|Any CPU
		{AE569E3F-E6ED-4ED6-A29F-E83B18B5819F}.Debug|Any CPU.ActiveCfg = Debug|Any CPU
		{AE569E3F-E6ED-4ED6-A29F-E83B18B5819F}.Debug|Any CPU.Build.0 = Debug|Any CPU
		{AE569E3F-E6ED-4ED6-A29F-E83B18B5819F}.Debug|x64.ActiveCfg = Debug|Any CPU
		{AE569E3F-E6ED-4ED6-A29F-E83B18B5819F}.Debug|x64.Build.0 = Debug|Any CPU
		{AE569E3F-E6ED-4ED6-A29F-E83B18B5819F}.Debug|x86.ActiveCfg = Debug|Any CPU
		{AE569E3F-E6ED-4ED6-A29F-E83B18B5819F}.Debug|x86.Build.0 = Debug|Any CPU
		{AE569E3F-E6ED-4ED6-A29F-E83B18B5819F}.Release|Any CPU.ActiveCfg = Release|Any CPU
		{AE569E3F-E6ED-4ED6-A29F-E83B18B5819F}.Release|Any CPU.Build.0 = Release|Any CPU
		{AE569E3F-E6ED-4ED6-A29F-E83B18B5819F}.Release|x64.ActiveCfg = Release|Any CPU
		{AE569E3F-E6ED-4ED6-A29F-E83B18B5819F}.Release|x64.Build.0 = Release|Any CPU
		{AE569E3F-E6ED-4ED6-A29F-E83B18B5819F}.Release|x86.ActiveCfg = Release|Any CPU
		{AE569E3F-E6ED-4ED6-A29F-E83B18B5819F}.Release|x86.Build.0 = Release|Any CPU
		{2A04D4C2-EBDC-4A50-AC60-E671149E18B4}.Debug|Any CPU.ActiveCfg = Debug|Any CPU
		{2A04D4C2-EBDC-4A50-AC60-E671149E18B4}.Debug|Any CPU.Build.0 = Debug|Any CPU
		{2A04D4C2-EBDC-4A50-AC60-E671149E18B4}.Debug|x64.ActiveCfg = Debug|Any CPU
		{2A04D4C2-EBDC-4A50-AC60-E671149E18B4}.Debug|x64.Build.0 = Debug|Any CPU
		{2A04D4C2-EBDC-4A50-AC60-E671149E18B4}.Debug|x86.ActiveCfg = Debug|Any CPU
		{2A04D4C2-EBDC-4A50-AC60-E671149E18B4}.Debug|x86.Build.0 = Debug|Any CPU
		{2A04D4C2-EBDC-4A50-AC60-E671149E18B4}.Release|Any CPU.ActiveCfg = Release|Any CPU
		{2A04D4C2-EBDC-4A50-AC60-E671149E18B4}.Release|Any CPU.Build.0 = Release|Any CPU
		{2A04D4C2-EBDC-4A50-AC60-E671149E18B4}.Release|x64.ActiveCfg = Release|Any CPU
		{2A04D4C2-EBDC-4A50-AC60-E671149E18B4}.Release|x64.Build.0 = Release|Any CPU
		{2A04D4C2-EBDC-4A50-AC60-E671149E18B4}.Release|x86.ActiveCfg = Release|Any CPU
		{2A04D4C2-EBDC-4A50-AC60-E671149E18B4}.Release|x86.Build.0 = Release|Any CPU
		{7DF19841-18CF-437F-A15B-D9067986BF0A}.Debug|Any CPU.ActiveCfg = Debug|Any CPU
		{7DF19841-18CF-437F-A15B-D9067986BF0A}.Debug|Any CPU.Build.0 = Debug|Any CPU
		{7DF19841-18CF-437F-A15B-D9067986BF0A}.Debug|x64.ActiveCfg = Debug|Any CPU
		{7DF19841-18CF-437F-A15B-D9067986BF0A}.Debug|x64.Build.0 = Debug|Any CPU
		{7DF19841-18CF-437F-A15B-D9067986BF0A}.Debug|x86.ActiveCfg = Debug|Any CPU
		{7DF19841-18CF-437F-A15B-D9067986BF0A}.Debug|x86.Build.0 = Debug|Any CPU
		{7DF19841-18CF-437F-A15B-D9067986BF0A}.Release|Any CPU.ActiveCfg = Release|Any CPU
		{7DF19841-18CF-437F-A15B-D9067986BF0A}.Release|Any CPU.Build.0 = Release|Any CPU
		{7DF19841-18CF-437F-A15B-D9067986BF0A}.Release|x64.ActiveCfg = Release|Any CPU
		{7DF19841-18CF-437F-A15B-D9067986BF0A}.Release|x64.Build.0 = Release|Any CPU
		{7DF19841-18CF-437F-A15B-D9067986BF0A}.Release|x86.ActiveCfg = Release|Any CPU
		{7DF19841-18CF-437F-A15B-D9067986BF0A}.Release|x86.Build.0 = Release|Any CPU
		{BDFAE953-2AE2-418E-AABE-58F014F738BD}.Debug|Any CPU.ActiveCfg = Debug|Any CPU
		{BDFAE953-2AE2-418E-AABE-58F014F738BD}.Debug|Any CPU.Build.0 = Debug|Any CPU
		{BDFAE953-2AE2-418E-AABE-58F014F738BD}.Debug|x64.ActiveCfg = Debug|Any CPU
		{BDFAE953-2AE2-418E-AABE-58F014F738BD}.Debug|x64.Build.0 = Debug|Any CPU
		{BDFAE953-2AE2-418E-AABE-58F014F738BD}.Debug|x86.ActiveCfg = Debug|Any CPU
		{BDFAE953-2AE2-418E-AABE-58F014F738BD}.Debug|x86.Build.0 = Debug|Any CPU
		{BDFAE953-2AE2-418E-AABE-58F014F738BD}.Release|Any CPU.ActiveCfg = Release|Any CPU
		{BDFAE953-2AE2-418E-AABE-58F014F738BD}.Release|Any CPU.Build.0 = Release|Any CPU
		{BDFAE953-2AE2-418E-AABE-58F014F738BD}.Release|x64.ActiveCfg = Release|Any CPU
		{BDFAE953-2AE2-418E-AABE-58F014F738BD}.Release|x64.Build.0 = Release|Any CPU
		{BDFAE953-2AE2-418E-AABE-58F014F738BD}.Release|x86.ActiveCfg = Release|Any CPU
		{BDFAE953-2AE2-418E-AABE-58F014F738BD}.Release|x86.Build.0 = Release|Any CPU
		{8B5F4EDA-22B7-44B2-BC77-146C2247CDC2}.Debug|Any CPU.ActiveCfg = Debug|Any CPU
		{8B5F4EDA-22B7-44B2-BC77-146C2247CDC2}.Debug|Any CPU.Build.0 = Debug|Any CPU
		{8B5F4EDA-22B7-44B2-BC77-146C2247CDC2}.Debug|x64.ActiveCfg = Debug|Any CPU
		{8B5F4EDA-22B7-44B2-BC77-146C2247CDC2}.Debug|x64.Build.0 = Debug|Any CPU
		{8B5F4EDA-22B7-44B2-BC77-146C2247CDC2}.Debug|x86.ActiveCfg = Debug|Any CPU
		{8B5F4EDA-22B7-44B2-BC77-146C2247CDC2}.Debug|x86.Build.0 = Debug|Any CPU
		{8B5F4EDA-22B7-44B2-BC77-146C2247CDC2}.Release|Any CPU.ActiveCfg = Release|Any CPU
		{8B5F4EDA-22B7-44B2-BC77-146C2247CDC2}.Release|Any CPU.Build.0 = Release|Any CPU
		{8B5F4EDA-22B7-44B2-BC77-146C2247CDC2}.Release|x64.ActiveCfg = Release|Any CPU
		{8B5F4EDA-22B7-44B2-BC77-146C2247CDC2}.Release|x64.Build.0 = Release|Any CPU
		{8B5F4EDA-22B7-44B2-BC77-146C2247CDC2}.Release|x86.ActiveCfg = Release|Any CPU
		{8B5F4EDA-22B7-44B2-BC77-146C2247CDC2}.Release|x86.Build.0 = Release|Any CPU
		{ED4E8E15-7DC3-46D2-B336-675B70963560}.Debug|Any CPU.ActiveCfg = Debug|Any CPU
		{ED4E8E15-7DC3-46D2-B336-675B70963560}.Debug|Any CPU.Build.0 = Debug|Any CPU
		{ED4E8E15-7DC3-46D2-B336-675B70963560}.Debug|x64.ActiveCfg = Debug|Any CPU
		{ED4E8E15-7DC3-46D2-B336-675B70963560}.Debug|x64.Build.0 = Debug|Any CPU
		{ED4E8E15-7DC3-46D2-B336-675B70963560}.Debug|x86.ActiveCfg = Debug|Any CPU
		{ED4E8E15-7DC3-46D2-B336-675B70963560}.Debug|x86.Build.0 = Debug|Any CPU
		{ED4E8E15-7DC3-46D2-B336-675B70963560}.Release|Any CPU.ActiveCfg = Release|Any CPU
		{ED4E8E15-7DC3-46D2-B336-675B70963560}.Release|Any CPU.Build.0 = Release|Any CPU
		{ED4E8E15-7DC3-46D2-B336-675B70963560}.Release|x64.ActiveCfg = Release|Any CPU
		{ED4E8E15-7DC3-46D2-B336-675B70963560}.Release|x64.Build.0 = Release|Any CPU
		{ED4E8E15-7DC3-46D2-B336-675B70963560}.Release|x86.ActiveCfg = Release|Any CPU
		{ED4E8E15-7DC3-46D2-B336-675B70963560}.Release|x86.Build.0 = Release|Any CPU
	EndGlobalSection
	GlobalSection(SolutionProperties) = preSolution
		HideSolutionNode = FALSE
	EndGlobalSection
	GlobalSection(NestedProjects) = preSolution
		{1E1BFC54-C88D-4301-A83B-8138D1470FFE} = {02EA681E-C7D8-13C7-8484-4AC65E1B71E8}
		{F7A494EB-4D5F-4699-88DF-A441A7202136} = {02EA681E-C7D8-13C7-8484-4AC65E1B71E8}
		{F555C888-DEB1-4FAF-A175-071E1FA408AA} = {02EA681E-C7D8-13C7-8484-4AC65E1B71E8}
		{12289E14-8272-4837-B90A-2A4D4FAB1EEC} = {02EA681E-C7D8-13C7-8484-4AC65E1B71E8}
		{7929DDF1-1A44-43D0-81D9-485B757AB438} = {02EA681E-C7D8-13C7-8484-4AC65E1B71E8}
		{84A93797-C79F-462A-B4A4-D937B0997B97} = {02EA681E-C7D8-13C7-8484-4AC65E1B71E8}
		{E6014E6F-B231-45E9-BB7D-88A4F983CB12} = {02EA681E-C7D8-13C7-8484-4AC65E1B71E8}
		{5C44EFFB-3860-4D6E-A962-0D7D37BA71E2} = {02EA681E-C7D8-13C7-8484-4AC65E1B71E8}
		{74345196-2272-4EB9-9E0E-246AC4287530} = {02EA681E-C7D8-13C7-8484-4AC65E1B71E8}
		{AE569E3F-E6ED-4ED6-A29F-E83B18B5819F} = {02EA681E-C7D8-13C7-8484-4AC65E1B71E8}
		{2A04D4C2-EBDC-4A50-AC60-E671149E18B4} = {02EA681E-C7D8-13C7-8484-4AC65E1B71E8}
		{7DF19841-18CF-437F-A15B-D9067986BF0A} = {02EA681E-C7D8-13C7-8484-4AC65E1B71E8}
		{BDFAE953-2AE2-418E-AABE-58F014F738BD} = {02EA681E-C7D8-13C7-8484-4AC65E1B71E8}
		{8B5F4EDA-22B7-44B2-BC77-146C2247CDC2} = {02EA681E-C7D8-13C7-8484-4AC65E1B71E8}
		{ED4E8E15-7DC3-46D2-B336-675B70963560} = {02EA681E-C7D8-13C7-8484-4AC65E1B71E8}
	EndGlobalSection
	GlobalSection(ExtensibilityGlobals) = postSolution
		SolutionGuid = {1B4F3359-9D51-43A2-AFAE-E5256F8485F7}
	EndGlobalSection
EndGlobal
