
Microsoft Visual Studio Solution File, Format Version 12.00
# Visual Studio Version 17
VisualStudioVersion = 17.14.36221.1
MinimumVisualStudioVersion = 10.0.40219.1
Project("{FAE04EC0-301F-11D3-BF4B-00C04F79EFBC}") = "BinarySerialization", "BinarySerialization\BinarySerialization.csproj", "{7A47B2E1-5E4D-45FD-8C4E-805BC4C060F9}"
EndProject
Project("{FAE04EC0-301F-11D3-BF4B-00C04F79EFBC}") = "XMLSerialization", "XMLSerialization\XMLSerialization.csproj", "{9BE3CCF8-E39C-457A-938A-A7E31B3E2BC5}"
EndProject
Project("{FAE04EC0-301F-11D3-BF4B-00C04F79EFBC}") = "JSONSerialization", "JSONSerialization\JSONSerialization.csproj", "{19283A0C-E503-4A99-B343-CFD20CC42019}"
EndProject
Project("{FAE04EC0-301F-11D3-BF4B-00C04F79EFBC}") = "Exercicio01", "Exercicio01\Exercicio01.csproj", "{36F5DEA1-3874-4EDC-BD25-E424BF1EE064}"
EndProject
Global
	GlobalSection(SolutionConfigurationPlatforms) = preSolution
		Debug|Any CPU = Debug|Any CPU
		Release|Any CPU = Release|Any CPU
	EndGlobalSection
	GlobalSection(ProjectConfigurationPlatforms) = postSolution
		{7A47B2E1-5E4D-45FD-8C4E-805BC4C060F9}.Debug|Any CPU.ActiveCfg = Debug|Any CPU
		{7A47B2E1-5E4D-45FD-8C4E-805BC4C060F9}.Debug|Any CPU.Build.0 = Debug|Any CPU
		{7A47B2E1-5E4D-45FD-8C4E-805BC4C060F9}.Release|Any CPU.ActiveCfg = Release|Any CPU
		{7A47B2E1-5E4D-45FD-8C4E-805BC4C060F9}.Release|Any CPU.Build.0 = Release|Any CPU
		{9BE3CCF8-E39C-457A-938A-A7E31B3E2BC5}.Debug|Any CPU.ActiveCfg = Debug|Any CPU
		{9BE3CCF8-E39C-457A-938A-A7E31B3E2BC5}.Debug|Any CPU.Build.0 = Debug|Any CPU
		{9BE3CCF8-E39C-457A-938A-A7E31B3E2BC5}.Release|Any CPU.ActiveCfg = Release|Any CPU
		{9BE3CCF8-E39C-457A-938A-A7E31B3E2BC5}.Release|Any CPU.Build.0 = Release|Any CPU
		{19283A0C-E503-4A99-B343-CFD20CC42019}.Debug|Any CPU.ActiveCfg = Debug|Any CPU
		{19283A0C-E503-4A99-B343-CFD20CC42019}.Debug|Any CPU.Build.0 = Debug|Any CPU
		{19283A0C-E503-4A99-B343-CFD20CC42019}.Release|Any CPU.ActiveCfg = Release|Any CPU
		{19283A0C-E503-4A99-B343-CFD20CC42019}.Release|Any CPU.Build.0 = Release|Any CPU
		{36F5DEA1-3874-4EDC-BD25-E424BF1EE064}.Debug|Any CPU.ActiveCfg = Debug|Any CPU
		{36F5DEA1-3874-4EDC-BD25-E424BF1EE064}.Debug|Any CPU.Build.0 = Debug|Any CPU
		{36F5DEA1-3874-4EDC-BD25-E424BF1EE064}.Release|Any CPU.ActiveCfg = Release|Any CPU
		{36F5DEA1-3874-4EDC-BD25-E424BF1EE064}.Release|Any CPU.Build.0 = Release|Any CPU
	EndGlobalSection
	GlobalSection(SolutionProperties) = preSolution
		HideSolutionNode = FALSE
	EndGlobalSection
	GlobalSection(ExtensibilityGlobals) = postSolution
		SolutionGuid = {BC367422-B26B-4F9D-876B-F914FDA7CB5D}
	EndGlobalSection
EndGlobal
